
Microsoft Visual Studio Solution File, Format Version 12.00
# Visual Studio Version 17
VisualStudioVersion = 17.13.35825.156
MinimumVisualStudioVersion = 10.0.40219.1
Project("{FAE04EC0-301F-11D3-BF4B-00C04F79EFBC}") = "Domain", "Domain\Domain.csproj", "{E528BBC3-1C26-8C35-F682-23718816ADCD}"
EndProject
Project("{FAE04EC0-301F-11D3-BF4B-00C04F79EFBC}") = "Infrastructure", "Infrastructure\Infrastructure.csproj", "{5872AEB3-BAA3-FE31-B0EB-0FB6DBEDCF83}"
EndProject
Project("{FAE04EC0-301F-11D3-BF4B-00C04F79EFBC}") = "Application", "Application\Application.csproj", "{5204D688-98E4-4C2F-87DD-02C2D54E4F9A}"
EndProject
Project("{FAE04EC0-301F-11D3-BF4B-00C04F79EFBC}") = "App", "App\App.csproj", "{6C0F928A-B28D-D207-D239-598F22CCD0B7}"
EndProject
Global
	GlobalSection(SolutionConfigurationPlatforms) = preSolution
		Debug|Any CPU = Debug|Any CPU
		Release|Any CPU = Release|Any CPU
	EndGlobalSection
	GlobalSection(ProjectConfigurationPlatforms) = postSolution
		{E528BBC3-1C26-8C35-F682-23718816ADCD}.Debug|Any CPU.ActiveCfg = Debug|Any CPU
		{E528BBC3-1C26-8C35-F682-23718816ADCD}.Debug|Any CPU.Build.0 = Debug|Any CPU
		{E528BBC3-1C26-8C35-F682-23718816ADCD}.Release|Any CPU.ActiveCfg = Release|Any CPU
		{E528BBC3-1C26-8C35-F682-23718816ADCD}.Release|Any CPU.Build.0 = Release|Any CPU
		{5872AEB3-BAA3-FE31-B0EB-0FB6DBEDCF83}.Debug|Any CPU.ActiveCfg = Debug|Any CPU
		{5872AEB3-BAA3-FE31-B0EB-0FB6DBEDCF83}.Debug|Any CPU.Build.0 = Debug|Any CPU
		{5872AEB3-BAA3-FE31-B0EB-0FB6DBEDCF83}.Release|Any CPU.ActiveCfg = Release|Any CPU
		{5872AEB3-BAA3-FE31-B0EB-0FB6DBEDCF83}.Release|Any CPU.Build.0 = Release|Any CPU
		{5204D688-98E4-4C2F-87DD-02C2D54E4F9A}.Debug|Any CPU.ActiveCfg = Debug|Any CPU
		{5204D688-98E4-4C2F-87DD-02C2D54E4F9A}.Debug|Any CPU.Build.0 = Debug|Any CPU
		{5204D688-98E4-4C2F-87DD-02C2D54E4F9A}.Release|Any CPU.ActiveCfg = Release|Any CPU
		{5204D688-98E4-4C2F-87DD-02C2D54E4F9A}.Release|Any CPU.Build.0 = Release|Any CPU
		{6C0F928A-B28D-D207-D239-598F22CCD0B7}.Debug|Any CPU.ActiveCfg = Debug|Any CPU
		{6C0F928A-B28D-D207-D239-598F22CCD0B7}.Debug|Any CPU.Build.0 = Debug|Any CPU
		{6C0F928A-B28D-D207-D239-598F22CCD0B7}.Release|Any CPU.ActiveCfg = Release|Any CPU
		{6C0F928A-B28D-D207-D239-598F22CCD0B7}.Release|Any CPU.Build.0 = Release|Any CPU
	EndGlobalSection
	GlobalSection(SolutionProperties) = preSolution
		HideSolutionNode = FALSE
	EndGlobalSection
	GlobalSection(ExtensibilityGlobals) = postSolution
		SolutionGuid = {6AEC9D46-D020-45C7-A781-89A8B5B538D8}
	EndGlobalSection
EndGlobal
